{
  "name": "aruba-dashboard",
  "lockfileVersion": 3,
  "requires": true,
  "packages": {
    "": {
      "name": "aruba-dashboard",
      "dependencies": {
        "@upstash/qstash": "^2.8.0",
        "@upstash/redis": "^1.35.0"
      },
      "engines": {
        "node": "24.x"
      }
    },
    "node_modules/@upstash/qstash": {
      "version": "2.12.0",
      "resolved": "https://registry.npmjs.org/@upstash/qstash/-/qstash-2.12.0.tgz",
      "integrity": "sha512-LRFuMAqdDlVtCnDRLS00DM4lsE6JeP1A696lUcuUdWEXM9Sb1lhKYSuK2gHkG5VBxreR4QJNs909AGabAfSRdg==",
      "license": "MIT",
      "dependencies": {
        "jose": "^5.2.3",
        "neverthrow": "^7.0.1",
        "uncrypto": "^0.1.3"
      }
    },
    "node_modules/@upstash/redis": {
      "version": "1.39.0",
      "resolved": "https://registry.npmjs.org/@upstash/redis/-/redis-1.39.0.tgz",
      "integrity": "sha512-VwkpYTdxSfjSulQS5h16NHtg/1UEheBfvez2AeGKinAujOoGXhXCcohQRzsQ/d2g/XzbjzTVGhG8Ds8uOI0Mxg==",
      "license": "MIT",
      "dependencies": {
        "uncrypto": "^0.1.3"
      }
    },
    "node_modules/jose": {
      "version": "5.10.0",
      "resolved": "https://registry.npmjs.org/jose/-/jose-5.10.0.tgz",
      "integrity": "sha512-s+3Al/p9g32Iq+oqXxkW//7jk2Vig6FF1CFqzVXoTUXt2qz89YWbL+OwS17NFYEvxC35n0FKeGO2LGYSxeM2Gg==",
      "license": "MIT",
      "funding": {
        "url": "https://github.com/sponsors/panva"
      }
    },
    "node_modules/neverthrow": {
      "version": "7.2.0",
      "resolved": "https://registry.npmjs.org/neverthrow/-/neverthrow-7.2.0.tgz",
      "integrity": "sha512-iGBUfFB7yPczHHtA8dksKTJ9E8TESNTAx1UQWW6TzMF280vo9jdPYpLUXrMN1BCkPdHFdNG3fxOt2CUad8KhAw==",
      "license": "MIT",
      "engines": {
        "node": ">=18"
      }
    },
    "node_modules/uncrypto": {
      "version": "0.1.3",
      "resolved": "https://registry.npmjs.org/uncrypto/-/uncrypto-0.1.3.tgz",
      "integrity": "sha512-Ql87qFHB3s/De2ClA9e0gsnS6zXG27SkTiSJwjCc9MebbfapQfuPzumMIUMi38ezPZVNFcHI9sUIepeQfw8J8Q==",
      "license": "MIT"
    }
  }
}
